// !$*UTF8*$!
{
	archiveVersion = 1;
	classes = {
	};
	objectVersion = 56;
	objects = {

/* Begin PBXBuildFile section */
		2AB5FE6E483346497F6A3263 /* PlayerApp.swift in Sources */ = {isa = PBXBuildFile; fileRef = 030C6CAA0BF10C31B58A2A63 /* PlayerApp.swift */; };
		C722A3C4D743973DE21F36C4 /* ContentView.swift in Sources */ = {isa = PBXBuildFile; fileRef = 65DFA04488AB668B91327CA3 /* ContentView.swift */; };
		918E180AFC0278CAEADABF7C /* AudioPlayerManager.swift in Sources */ = {isa = PBXBuildFile; fileRef = EC87BBDEF6AF813148DC3802 /* AudioPlayerManager.swift */; };
		9A4849660C4C07802DF01704 /* Assets.xcassets in Resources */ = {isa = PBXBuildFile; fileRef = F477E14AE0E34D8E7C72EE56 /* Assets.xcassets */; };
/* End PBXBuildFile section */

/* Begin PBXFileReference section */
		7657655FED8C2B0136BDFDC0 /* player.app */ = {isa = PBXFileReference; explicitFileType = wrapper.application; includeInIndex = 0; path = player.app; sourceTree = BUILT_PRODUCTS_DIR; };
		030C6CAA0BF10C31B58A2A63 /* PlayerApp.swift */ = {isa = PBXFileReference; lastKnownFileType = sourcecode.swift; path = PlayerApp.swift; sourceTree = "<group>"; };
		65DFA04488AB668B91327CA3 /* ContentView.swift */ = {isa = PBXFileReference; lastKnownFileType = sourcecode.swift; path = ContentView.swift; sourceTree = "<group>"; };
		EC87BBDEF6AF813148DC3802 /* AudioPlayerManager.swift */ = {isa = PBXFileReference; lastKnownFileType = sourcecode.swift; path = AudioPlayerManager.swift; sourceTree = "<group>"; };
		F477E14AE0E34D8E7C72EE56 /* Assets.xcassets */ = {isa = PBXFileReference; lastKnownFileType = folder.assetcatalog; path = Assets.xcassets; sourceTree = "<group>"; };
		C947FD88E8D29FDC93EE54CF /* Info.plist */ = {isa = PBXFileReference; lastKnownFileType = text.plist.xml; path = Info.plist; sourceTree = "<group>"; };
/* End PBXFileReference section */

/* Begin PBXFrameworksBuildPhase section */
		56CB8D18430CF82CD248E99F /* Frameworks */ = {
			isa = PBXFrameworksBuildPhase;
			buildActionMask = 2147483647;
			files = (
			);
			runOnlyForDeploymentPostprocessing = 0;
		};
/* End PBXFrameworksBuildPhase section */

/* Begin PBXGroup section */
		14A05A1B8A3082DE38D07AF0 = {
			isa = PBXGroup;
			children = (
				0650CEE2E8F39CEAFF45877B /* player */,
				5233A7E7FA6BF9C21DFAC2AA /* Products */,
			);
			sourceTree = "<group>";
		};
		0650CEE2E8F39CEAFF45877B /* player */ = {
			isa = PBXGroup;
			children = (
				030C6CAA0BF10C31B58A2A63 /* PlayerApp.swift */,
				65DFA04488AB668B91327CA3 /* ContentView.swift */,
				EC87BBDEF6AF813148DC3802 /* AudioPlayerManager.swift */,
				F477E14AE0E34D8E7C72EE56 /* Assets.xcassets */,
				C947FD88E8D29FDC93EE54CF /* Info.plist */,
			);
			path = player;
			sourceTree = "<group>";
		};
		5233A7E7FA6BF9C21DFAC2AA /* Products */ = {
			isa = PBXGroup;
			children = (
				7657655FED8C2B0136BDFDC0 /* player.app */,
			);
			name = Products;
			sourceTree = "<group>";
		};
/* End PBXGroup section */

/* Begin PBXNativeTarget section */
		489F33478A1FDDA957D1D20F /* player */ = {
			isa = PBXNativeTarget;
			buildConfigurationList = AC8F221CDF96CE673B1B074B /* Build configuration list for PBXNativeTarget "player" */;
			buildPhases = (
				C2673001EAD510143D114ACB /* Sources */,
				56CB8D18430CF82CD248E99F /* Frameworks */,
				D76EFE59CEDBBAE7E9BBF9F5 /* Resources */,
			);
			buildRules = (
			);
			dependencies = (
			);
			name = player;
			productName = player;
			productReference = 7657655FED8C2B0136BDFDC0 /* player.app */;
			productType = "com.apple.product-type.application";
		};
/* End PBXNativeTarget section */

/* Begin PBXProject section */
		4E02AA5F0A7CA584AE8C3C11 /* Project object */ = {
			isa = PBXProject;
			attributes = {
				LastSwiftUpdateCheck = 1600;
				LastUpgradeCheck = 1600;
				TargetAttributes = {
					489F33478A1FDDA957D1D20F = {
						CreatedOnToolsVersion = 16.0;
						LastSwiftMigration = 1600;
					};
				};
			};
			buildConfigurationList = 5DA6BEB0A7B28FECA9A34362 /* Build configuration list for PBXProject "player" */;
			compatibilityVersion = "Xcode 14.0";
			developmentRegion = en;
			hasScannedForEncodings = 0;
			knownRegions = (
				en,
				Base,
			);
			mainGroup = 14A05A1B8A3082DE38D07AF0;
			productRefGroup = 5233A7E7FA6BF9C21DFAC2AA /* Products */;
			projectDirPath = "";
			projectRoot = "";
			targets = (
				489F33478A1FDDA957D1D20F /* player */,
			);
		};
/* End PBXProject section */

/* Begin PBXResourcesBuildPhase section */
		D76EFE59CEDBBAE7E9BBF9F5 /* Resources */ = {
			isa = PBXResourcesBuildPhase;
			buildActionMask = 2147483647;
			files = (
				9A4849660C4C07802DF01704 /* Assets.xcassets in Resources */,
			);
			runOnlyForDeploymentPostprocessing = 0;
		};
/* End PBXResourcesBuildPhase section */

/* Begin PBXSourcesBuildPhase section */
		C2673001EAD510143D114ACB /* Sources */ = {
			isa = PBXSourcesBuildPhase;
			buildActionMask = 2147483647;
			files = (
				2AB5FE6E483346497F6A3263 /* PlayerApp.swift in Sources */,
				C722A3C4D743973DE21F36C4 /* ContentView.swift in Sources */,
				918E180AFC0278CAEADABF7C /* AudioPlayerManager.swift in Sources */,
			);
			runOnlyForDeploymentPostprocessing = 0;
		};
/* End PBXSourcesBuildPhase section */

/* Begin XCBuildConfiguration section */
		1EF0283281BA2CA37EC292B2 /* Debug */ = {
			isa = XCBuildConfiguration;
			buildSettings = {
				CODE_SIGN_STYLE = Automatic;
				IPHONEOS_DEPLOYMENT_TARGET = 16.0;
				SDKROOT = iphoneos;
				SWIFT_ACTIVE_COMPILATION_CONDITIONS = DEBUG;
				SWIFT_OPTIMIZATION_LEVEL = "-Onone";
			};
			name = Debug;
		};
		55620668750EAF3B155EE1C0 /* Release */ = {
			isa = XCBuildConfiguration;
			buildSettings = {
				CODE_SIGN_STYLE = Automatic;
				IPHONEOS_DEPLOYMENT_TARGET = 16.0;
				SDKROOT = iphoneos;
				SWIFT_COMPILATION_MODE = wholemodule;
				SWIFT_OPTIMIZATION_LEVEL = "-O";
				VALIDATE_PRODUCT = YES;
			};
			name = Release;
		};
		CB66FA9BDF9F8768C902862F /* Debug */ = {
			isa = XCBuildConfiguration;
			buildSettings = {
				ASSETCATALOG_COMPILER_APPICON_NAME = AppIcon;
				CODE_SIGN_STYLE = Automatic;
				CURRENT_PROJECT_VERSION = 1;
				GENERATE_INFOPLIST_FILE = NO;
				INFOPLIST_FILE = player/Info.plist;
				LD_RUNPATH_SEARCH_PATHS = (
					"$(inherited)",
					"@executable_path/Frameworks",
				);
				MARKETING_VERSION = 1.0;
				PRODUCT_BUNDLE_IDENTIFIER = com.lonzie.player;
				PRODUCT_NAME = "$(TARGET_NAME)";
				SWIFT_VERSION = 5.0;
				TARGETED_DEVICE_FAMILY = "1,2";
			};
			name = Debug;
		};
		9E406ED83F684B81E6E151F8 /* Release */ = {
			isa = XCBuildConfiguration;
			buildSettings = {
				ASSETCATALOG_COMPILER_APPICON_NAME = AppIcon;
				CODE_SIGN_STYLE = Automatic;
				CURRENT_PROJECT_VERSION = 1;
				GENERATE_INFOPLIST_FILE = NO;
				INFOPLIST_FILE = player/Info.plist;
				LD_RUNPATH_SEARCH_PATHS = (
					"$(inherited)",
					"@executable_path/Frameworks",
				);
				MARKETING_VERSION = 1.0;
				PRODUCT_BUNDLE_IDENTIFIER = com.example.player;
				PRODUCT_NAME = "$(TARGET_NAME)";
				SWIFT_VERSION = 5.0;
				TARGETED_DEVICE_FAMILY = "1,2";
			};
			name = Release;
		};
/* End XCBuildConfiguration section */

/* Begin XCConfigurationList section */
		5DA6BEB0A7B28FECA9A34362 /* Build configuration list for PBXProject "player" */ = {
			isa = XCConfigurationList;
			buildConfigurations = (
				1EF0283281BA2CA37EC292B2 /* Debug */,
				55620668750EAF3B155EE1C0 /* Release */,
			);
			defaultConfigurationIsVisible = 0;
			defaultConfigurationName = Release;
		};
		AC8F221CDF96CE673B1B074B /* Build configuration list for PBXNativeTarget "player" */ = {
			isa = XCConfigurationList;
			buildConfigurations = (
				CB66FA9BDF9F8768C902862F /* Debug */,
				9E406ED83F684B81E6E151F8 /* Release */,
			);
			defaultConfigurationIsVisible = 0;
			defaultConfigurationName = Release;
		};
/* End XCConfigurationList section */
	};
	rootObject = 4E02AA5F0A7CA584AE8C3C11 /* Project object */;
}
